
Microsoft Visual Studio Solution File, Format Version 12.00
# Visual Studio Version 16
VisualStudioVersion = 16.0.31515.178
MinimumVisualStudioVersion = 10.0.40219.1
Project("{9A19103F-16F7-4668-BE54-9A1E7A4F7556}") = "LolChest.Console", "LolChest.Console\LolChest.Console.csproj", "{8E219B51-897C-40E5-B097-AD391B34AAA0}"
EndProject
Project("{FAE04EC0-301F-11D3-BF4B-00C04F79EFBC}") = "LolChest.Core", "LolChest.Core\LolChest.Core.csproj", "{0D7A3A4F-3C51-4CB5-A676-0818FB8AB3F4}"
EndProject
Global
	GlobalSection(SolutionConfigurationPlatforms) = preSolution
		Debug|Any CPU = Debug|Any CPU
		Release|Any CPU = Release|Any CPU
	EndGlobalSection
	GlobalSection(ProjectConfigurationPlatforms) = postSolution
		{8E219B51-897C-40E5-B097-AD391B34AAA0}.Debug|Any CPU.ActiveCfg = Debug|Any CPU
		{8E219B51-897C-40E5-B097-AD391B34AAA0}.Debug|Any CPU.Build.0 = Debug|Any CPU
		{8E219B51-897C-40E5-B097-AD391B34AAA0}.Release|Any CPU.ActiveCfg = Release|Any CPU
		{8E219B51-897C-40E5-B097-AD391B34AAA0}.Release|Any CPU.Build.0 = Release|Any CPU
		{0D7A3A4F-3C51-4CB5-A676-0818FB8AB3F4}.Debug|Any CPU.ActiveCfg = Debug|Any CPU
		{0D7A3A4F-3C51-4CB5-A676-0818FB8AB3F4}.Debug|Any CPU.Build.0 = Debug|Any CPU
		{0D7A3A4F-3C51-4CB5-A676-0818FB8AB3F4}.Release|Any CPU.ActiveCfg = Release|Any CPU
		{0D7A3A4F-3C51-4CB5-A676-0818FB8AB3F4}.Release|Any CPU.Build.0 = Release|Any CPU
	EndGlobalSection
	GlobalSection(SolutionProperties) = preSolution
		HideSolutionNode = FALSE
	EndGlobalSection
	GlobalSection(ExtensibilityGlobals) = postSolution
		SolutionGuid = {D2D106C3-AD0D-46D1-93C8-D01DA4416B66}
	EndGlobalSection
EndGlobal
