
Microsoft Visual Studio Solution File, Format Version 12.00
# Visual Studio Version 16
VisualStudioVersion = 16.0.30204.135
MinimumVisualStudioVersion = 10.0.40219.1
Project("{9A19103F-16F7-4668-BE54-9A1E7A4F7556}") = "LolChest", "LolChest\LolChest.csproj", "{90981719-B495-45C9-93EF-8A23AF71A3AF}"
EndProject
Global
	GlobalSection(SolutionConfigurationPlatforms) = preSolution
		Debug|Any CPU = Debug|Any CPU
		Release|Any CPU = Release|Any CPU
	EndGlobalSection
	GlobalSection(ProjectConfigurationPlatforms) = postSolution
		{90981719-B495-45C9-93EF-8A23AF71A3AF}.Debug|Any CPU.ActiveCfg = Debug|Any CPU
		{90981719-B495-45C9-93EF-8A23AF71A3AF}.Debug|Any CPU.Build.0 = Debug|Any CPU
		{90981719-B495-45C9-93EF-8A23AF71A3AF}.Release|Any CPU.ActiveCfg = Release|Any CPU
		{90981719-B495-45C9-93EF-8A23AF71A3AF}.Release|Any CPU.Build.0 = Release|Any CPU
	EndGlobalSection
	GlobalSection(SolutionProperties) = preSolution
		HideSolutionNode = FALSE
	EndGlobalSection
	GlobalSection(ExtensibilityGlobals) = postSolution
		SolutionGuid = {CC4983DC-2D5B-4C58-857A-79BDEC0A1070}
	EndGlobalSection
EndGlobal
